
Microsoft Visual Studio Solution File, Format Version 12.00
# Visual Studio Version 16
VisualStudioVersion = 16.0.28803.156
MinimumVisualStudioVersion = 15.0.26124.0
Project("{9A19103F-16F7-4668-BE54-9A1E7A4F7556}") = "LibImageRenamer", "LibImageRenamer\LibImageRenamer.csproj", "{B65FE29C-6EB0-4C63-ABAA-551219145AD6}"
EndProject
Project("{9A19103F-16F7-4668-BE54-9A1E7A4F7556}") = "ImageRenamer.UnitTests", "ImageRenamer.UnitTests\ImageRenamer.UnitTests.csproj", "{BD372314-43F8-4E68-8271-370B259E4C49}"
EndProject
Project("{9A19103F-16F7-4668-BE54-9A1E7A4F7556}") = "ImageRenamer.Wpf", "ImageRenamer.Wpf\ImageRenamer.Wpf.csproj", "{78FC3B84-680A-49B4-97B4-B4806B345D5E}"
EndProject
Project("{FAE04EC0-301F-11D3-BF4B-00C04F79EFBC}") = "ImageRenamer.Uwp", "ImageRenamer.Uwp\ImageRenamer.Uwp.csproj", "{D72010FB-80D9-4E56-9482-84166610EC72}"
EndProject
Global
	GlobalSection(SolutionConfigurationPlatforms) = preSolution
		Debug|Any CPU = Debug|Any CPU
		Debug|ARM = Debug|ARM
		Debug|ARM64 = Debug|ARM64
		Debug|x64 = Debug|x64
		Debug|x86 = Debug|x86
		Release|Any CPU = Release|Any CPU
		Release|ARM = Release|ARM
		Release|ARM64 = Release|ARM64
		Release|x64 = Release|x64
		Release|x86 = Release|x86
	EndGlobalSection
	GlobalSection(ProjectConfigurationPlatforms) = postSolution
		{B65FE29C-6EB0-4C63-ABAA-551219145AD6}.Debug|Any CPU.ActiveCfg = Debug|Any CPU
		{B65FE29C-6EB0-4C63-ABAA-551219145AD6}.Debug|Any CPU.Build.0 = Debug|Any CPU
		{B65FE29C-6EB0-4C63-ABAA-551219145AD6}.Debug|ARM.ActiveCfg = Debug|Any CPU
		{B65FE29C-6EB0-4C63-ABAA-551219145AD6}.Debug|ARM.Build.0 = Debug|Any CPU
		{B65FE29C-6EB0-4C63-ABAA-551219145AD6}.Debug|ARM64.ActiveCfg = Debug|Any CPU
		{B65FE29C-6EB0-4C63-ABAA-551219145AD6}.Debug|ARM64.Build.0 = Debug|Any CPU
		{B65FE29C-6EB0-4C63-ABAA-551219145AD6}.Debug|x64.ActiveCfg = Debug|Any CPU
		{B65FE29C-6EB0-4C63-ABAA-551219145AD6}.Debug|x64.Build.0 = Debug|Any CPU
		{B65FE29C-6EB0-4C63-ABAA-551219145AD6}.Debug|x86.ActiveCfg = Debug|Any CPU
		{B65FE29C-6EB0-4C63-ABAA-551219145AD6}.Debug|x86.Build.0 = Debug|Any CPU
		{B65FE29C-6EB0-4C63-ABAA-551219145AD6}.Release|Any CPU.ActiveCfg = Release|Any CPU
		{B65FE29C-6EB0-4C63-ABAA-551219145AD6}.Release|Any CPU.Build.0 = Release|Any CPU
		{B65FE29C-6EB0-4C63-ABAA-551219145AD6}.Release|ARM.ActiveCfg = Release|Any CPU
		{B65FE29C-6EB0-4C63-ABAA-551219145AD6}.Release|ARM.Build.0 = Release|Any CPU
		{B65FE29C-6EB0-4C63-ABAA-551219145AD6}.Release|ARM64.ActiveCfg = Release|Any CPU
		{B65FE29C-6EB0-4C63-ABAA-551219145AD6}.Release|ARM64.Build.0 = Release|Any CPU
		{B65FE29C-6EB0-4C63-ABAA-551219145AD6}.Release|x64.ActiveCfg = Release|Any CPU
		{B65FE29C-6EB0-4C63-ABAA-551219145AD6}.Release|x64.Build.0 = Release|Any CPU
		{B65FE29C-6EB0-4C63-ABAA-551219145AD6}.Release|x86.ActiveCfg = Release|Any CPU
		{B65FE29C-6EB0-4C63-ABAA-551219145AD6}.Release|x86.Build.0 = Release|Any CPU
		{BD372314-43F8-4E68-8271-370B259E4C49}.Debug|Any CPU.ActiveCfg = Debug|Any CPU
		{BD372314-43F8-4E68-8271-370B259E4C49}.Debug|Any CPU.Build.0 = Debug|Any CPU
		{BD372314-43F8-4E68-8271-370B259E4C49}.Debug|ARM.ActiveCfg = Debug|Any CPU
		{BD372314-43F8-4E68-8271-370B259E4C49}.Debug|ARM.Build.0 = Debug|Any CPU
		{BD372314-43F8-4E68-8271-370B259E4C49}.Debug|ARM64.ActiveCfg = Debug|Any CPU
		{BD372314-43F8-4E68-8271-370B259E4C49}.Debug|ARM64.Build.0 = Debug|Any CPU
		{BD372314-43F8-4E68-8271-370B259E4C49}.Debug|x64.ActiveCfg = Debug|Any CPU
		{BD372314-43F8-4E68-8271-370B259E4C49}.Debug|x64.Build.0 = Debug|Any CPU
		{BD372314-43F8-4E68-8271-370B259E4C49}.Debug|x86.ActiveCfg = Debug|Any CPU
		{BD372314-43F8-4E68-8271-370B259E4C49}.Debug|x86.Build.0 = Debug|Any CPU
		{BD372314-43F8-4E68-8271-370B259E4C49}.Release|Any CPU.ActiveCfg = Release|Any CPU
		{BD372314-43F8-4E68-8271-370B259E4C49}.Release|Any CPU.Build.0 = Release|Any CPU
		{BD372314-43F8-4E68-8271-370B259E4C49}.Release|ARM.ActiveCfg = Release|Any CPU
		{BD372314-43F8-4E68-8271-370B259E4C49}.Release|ARM.Build.0 = Release|Any CPU
		{BD372314-43F8-4E68-8271-370B259E4C49}.Release|ARM64.ActiveCfg = Release|Any CPU
		{BD372314-43F8-4E68-8271-370B259E4C49}.Release|ARM64.Build.0 = Release|Any CPU
		{BD372314-43F8-4E68-8271-370B259E4C49}.Release|x64.ActiveCfg = Release|Any CPU
		{BD372314-43F8-4E68-8271-370B259E4C49}.Release|x64.Build.0 = Release|Any CPU
		{BD372314-43F8-4E68-8271-370B259E4C49}.Release|x86.ActiveCfg = Release|Any CPU
		{BD372314-43F8-4E68-8271-370B259E4C49}.Release|x86.Build.0 = Release|Any CPU
		{78FC3B84-680A-49B4-97B4-B4806B345D5E}.Debug|Any CPU.ActiveCfg = Debug|Any CPU
		{78FC3B84-680A-49B4-97B4-B4806B345D5E}.Debug|Any CPU.Build.0 = Debug|Any CPU
		{78FC3B84-680A-49B4-97B4-B4806B345D5E}.Debug|ARM.ActiveCfg = Debug|Any CPU
		{78FC3B84-680A-49B4-97B4-B4806B345D5E}.Debug|ARM.Build.0 = Debug|Any CPU
		{78FC3B84-680A-49B4-97B4-B4806B345D5E}.Debug|ARM64.ActiveCfg = Debug|Any CPU
		{78FC3B84-680A-49B4-97B4-B4806B345D5E}.Debug|ARM64.Build.0 = Debug|Any CPU
		{78FC3B84-680A-49B4-97B4-B4806B345D5E}.Debug|x64.ActiveCfg = Debug|Any CPU
		{78FC3B84-680A-49B4-97B4-B4806B345D5E}.Debug|x64.Build.0 = Debug|Any CPU
		{78FC3B84-680A-49B4-97B4-B4806B345D5E}.Debug|x86.ActiveCfg = Debug|Any CPU
		{78FC3B84-680A-49B4-97B4-B4806B345D5E}.Debug|x86.Build.0 = Debug|Any CPU
		{78FC3B84-680A-49B4-97B4-B4806B345D5E}.Release|Any CPU.ActiveCfg = Release|Any CPU
		{78FC3B84-680A-49B4-97B4-B4806B345D5E}.Release|Any CPU.Build.0 = Release|Any CPU
		{78FC3B84-680A-49B4-97B4-B4806B345D5E}.Release|ARM.ActiveCfg = Release|Any CPU
		{78FC3B84-680A-49B4-97B4-B4806B345D5E}.Release|ARM.Build.0 = Release|Any CPU
		{78FC3B84-680A-49B4-97B4-B4806B345D5E}.Release|ARM64.ActiveCfg = Release|Any CPU
		{78FC3B84-680A-49B4-97B4-B4806B345D5E}.Release|ARM64.Build.0 = Release|Any CPU
		{78FC3B84-680A-49B4-97B4-B4806B345D5E}.Release|x64.ActiveCfg = Release|Any CPU
		{78FC3B84-680A-49B4-97B4-B4806B345D5E}.Release|x64.Build.0 = Release|Any CPU
		{78FC3B84-680A-49B4-97B4-B4806B345D5E}.Release|x86.ActiveCfg = Release|Any CPU
		{78FC3B84-680A-49B4-97B4-B4806B345D5E}.Release|x86.Build.0 = Release|Any CPU
		{D72010FB-80D9-4E56-9482-84166610EC72}.Debug|Any CPU.ActiveCfg = Debug|x86
		{D72010FB-80D9-4E56-9482-84166610EC72}.Debug|Any CPU.Build.0 = Debug|x86
		{D72010FB-80D9-4E56-9482-84166610EC72}.Debug|Any CPU.Deploy.0 = Debug|x86
		{D72010FB-80D9-4E56-9482-84166610EC72}.Debug|ARM.ActiveCfg = Debug|ARM
		{D72010FB-80D9-4E56-9482-84166610EC72}.Debug|ARM.Build.0 = Debug|ARM
		{D72010FB-80D9-4E56-9482-84166610EC72}.Debug|ARM.Deploy.0 = Debug|ARM
		{D72010FB-80D9-4E56-9482-84166610EC72}.Debug|ARM64.ActiveCfg = Debug|ARM64
		{D72010FB-80D9-4E56-9482-84166610EC72}.Debug|ARM64.Build.0 = Debug|ARM64
		{D72010FB-80D9-4E56-9482-84166610EC72}.Debug|ARM64.Deploy.0 = Debug|ARM64
		{D72010FB-80D9-4E56-9482-84166610EC72}.Debug|x64.ActiveCfg = Debug|x64
		{D72010FB-80D9-4E56-9482-84166610EC72}.Debug|x64.Build.0 = Debug|x64
		{D72010FB-80D9-4E56-9482-84166610EC72}.Debug|x64.Deploy.0 = Debug|x64
		{D72010FB-80D9-4E56-9482-84166610EC72}.Debug|x86.ActiveCfg = Debug|x86
		{D72010FB-80D9-4E56-9482-84166610EC72}.Debug|x86.Build.0 = Debug|x86
		{D72010FB-80D9-4E56-9482-84166610EC72}.Debug|x86.Deploy.0 = Debug|x86
		{D72010FB-80D9-4E56-9482-84166610EC72}.Release|Any CPU.ActiveCfg = Release|x86
		{D72010FB-80D9-4E56-9482-84166610EC72}.Release|ARM.ActiveCfg = Release|ARM
		{D72010FB-80D9-4E56-9482-84166610EC72}.Release|ARM.Build.0 = Release|ARM
		{D72010FB-80D9-4E56-9482-84166610EC72}.Release|ARM.Deploy.0 = Release|ARM
		{D72010FB-80D9-4E56-9482-84166610EC72}.Release|ARM64.ActiveCfg = Release|ARM64
		{D72010FB-80D9-4E56-9482-84166610EC72}.Release|ARM64.Build.0 = Release|ARM64
		{D72010FB-80D9-4E56-9482-84166610EC72}.Release|ARM64.Deploy.0 = Release|ARM64
		{D72010FB-80D9-4E56-9482-84166610EC72}.Release|x64.ActiveCfg = Release|x64
		{D72010FB-80D9-4E56-9482-84166610EC72}.Release|x64.Build.0 = Release|x64
		{D72010FB-80D9-4E56-9482-84166610EC72}.Release|x64.Deploy.0 = Release|x64
		{D72010FB-80D9-4E56-9482-84166610EC72}.Release|x86.ActiveCfg = Release|x86
		{D72010FB-80D9-4E56-9482-84166610EC72}.Release|x86.Build.0 = Release|x86
		{D72010FB-80D9-4E56-9482-84166610EC72}.Release|x86.Deploy.0 = Release|x86
	EndGlobalSection
	GlobalSection(SolutionProperties) = preSolution
		HideSolutionNode = FALSE
	EndGlobalSection
	GlobalSection(ExtensibilityGlobals) = postSolution
		SolutionGuid = {29D0AA63-E5B2-415A-BBE3-1BCE7529E66E}
	EndGlobalSection
EndGlobal
